// !$*UTF8*$!
{
	archiveVersion = 1;
	classes = {
	};
	objectVersion = 56;
	objects = {

/* Begin PBXBuildFile section */
		23DF24B763980D8A7E0E7E9D /* Pods_Demo_TvGuide.framework in Frameworks */ = {isa = PBXBuildFile; fileRef = 9241B397EBEB9F7DA00EC5A6 /* Pods_Demo_TvGuide.framework */; };
		910DAF122A48282B0061A933 /* OffsetModel.swift in Sources */ = {isa = PBXBuildFile; fileRef = 910DAF112A48282B0061A933 /* OffsetModel.swift */; };
		910DAF262A482C6B0061A933 /* ChannelListRouter.swift in Sources */ = {isa = PBXBuildFile; fileRef = 910DAF162A482C6B0061A933 /* ChannelListRouter.swift */; };
		910DAF272A482C6B0061A933 /* ChannelDisplayModel.swift in Sources */ = {isa = PBXBuildFile; fileRef = 910DAF182A482C6B0061A933 /* ChannelDisplayModel.swift */; };
		910DAF282A482C6B0061A933 /* ChannelListPresenter.swift in Sources */ = {isa = PBXBuildFile; fileRef = 910DAF1A2A482C6B0061A933 /* ChannelListPresenter.swift */; };
		910DAF292A482C6B0061A933 /* ChannelsTableViewCell.xib in Resources */ = {isa = PBXBuildFile; fileRef = 910DAF1D2A482C6B0061A933 /* ChannelsTableViewCell.xib */; };
		910DAF2A2A482C6B0061A933 /* ChannelsTableViewCell.swift in Sources */ = {isa = PBXBuildFile; fileRef = 910DAF1E2A482C6B0061A933 /* ChannelsTableViewCell.swift */; };
		910DAF2B2A482C6B0061A933 /* ChannelsViewController.xib in Resources */ = {isa = PBXBuildFile; fileRef = 910DAF202A482C6B0061A933 /* ChannelsViewController.xib */; };
		910DAF2C2A482C6B0061A933 /* ChannelsViewController.swift in Sources */ = {isa = PBXBuildFile; fileRef = 910DAF212A482C6B0061A933 /* ChannelsViewController.swift */; };
		910DAF2D2A482C6B0061A933 /* ChannelListProtocols.swift in Sources */ = {isa = PBXBuildFile; fileRef = 910DAF232A482C6B0061A933 /* ChannelListProtocols.swift */; };
		910DAF2E2A482C6B0061A933 /* ChannelListInteractor.swift in Sources */ = {isa = PBXBuildFile; fileRef = 910DAF252A482C6B0061A933 /* ChannelListInteractor.swift */; };
		912F96422A41E7D1009529FD /* AppDelegate.swift in Sources */ = {isa = PBXBuildFile; fileRef = 912F96412A41E7D1009529FD /* AppDelegate.swift */; };
		912F96442A41E7D1009529FD /* SceneDelegate.swift in Sources */ = {isa = PBXBuildFile; fileRef = 912F96432A41E7D1009529FD /* SceneDelegate.swift */; };
		912F96462A41E7D1009529FD /* ViewController.swift in Sources */ = {isa = PBXBuildFile; fileRef = 912F96452A41E7D1009529FD /* ViewController.swift */; };
		912F96492A41E7D1009529FD /* Main.storyboard in Resources */ = {isa = PBXBuildFile; fileRef = 912F96472A41E7D1009529FD /* Main.storyboard */; };
		912F964B2A41E7D2009529FD /* Assets.xcassets in Resources */ = {isa = PBXBuildFile; fileRef = 912F964A2A41E7D2009529FD /* Assets.xcassets */; };
		912F964E2A41E7D2009529FD /* LaunchScreen.storyboard in Resources */ = {isa = PBXBuildFile; fileRef = 912F964C2A41E7D2009529FD /* LaunchScreen.storyboard */; };
/* End PBXBuildFile section */

/* Begin PBXFileReference section */
		29F1687D8230A13FB32CB890 /* Pods-Demo-TvGuide.debug.xcconfig */ = {isa = PBXFileReference; includeInIndex = 1; lastKnownFileType = text.xcconfig; name = "Pods-Demo-TvGuide.debug.xcconfig"; path = "Target Support Files/Pods-Demo-TvGuide/Pods-Demo-TvGuide.debug.xcconfig"; sourceTree = "<group>"; };
		910DAF112A48282B0061A933 /* OffsetModel.swift */ = {isa = PBXFileReference; lastKnownFileType = sourcecode.swift; path = OffsetModel.swift; sourceTree = "<group>"; };
		910DAF162A482C6B0061A933 /* ChannelListRouter.swift */ = {isa = PBXFileReference; fileEncoding = 4; lastKnownFileType = sourcecode.swift; path = ChannelListRouter.swift; sourceTree = "<group>"; };
		910DAF182A482C6B0061A933 /* ChannelDisplayModel.swift */ = {isa = PBXFileReference; fileEncoding = 4; lastKnownFileType = sourcecode.swift; path = ChannelDisplayModel.swift; sourceTree = "<group>"; };
		910DAF1A2A482C6B0061A933 /* ChannelListPresenter.swift */ = {isa = PBXFileReference; fileEncoding = 4; lastKnownFileType = sourcecode.swift; path = ChannelListPresenter.swift; sourceTree = "<group>"; };
		910DAF1D2A482C6B0061A933 /* ChannelsTableViewCell.xib */ = {isa = PBXFileReference; fileEncoding = 4; lastKnownFileType = file.xib; path = ChannelsTableViewCell.xib; sourceTree = "<group>"; };
		910DAF1E2A482C6B0061A933 /* ChannelsTableViewCell.swift */ = {isa = PBXFileReference; fileEncoding = 4; lastKnownFileType = sourcecode.swift; path = ChannelsTableViewCell.swift; sourceTree = "<group>"; };
		910DAF202A482C6B0061A933 /* ChannelsViewController.xib */ = {isa = PBXFileReference; fileEncoding = 4; lastKnownFileType = file.xib; path = ChannelsViewController.xib; sourceTree = "<group>"; };
		910DAF212A482C6B0061A933 /* ChannelsViewController.swift */ = {isa = PBXFileReference; fileEncoding = 4; lastKnownFileType = sourcecode.swift; path = ChannelsViewController.swift; sourceTree = "<group>"; };
		910DAF232A482C6B0061A933 /* ChannelListProtocols.swift */ = {isa = PBXFileReference; fileEncoding = 4; lastKnownFileType = sourcecode.swift; path = ChannelListProtocols.swift; sourceTree = "<group>"; };
		910DAF252A482C6B0061A933 /* ChannelListInteractor.swift */ = {isa = PBXFileReference; fileEncoding = 4; lastKnownFileType = sourcecode.swift; path = ChannelListInteractor.swift; sourceTree = "<group>"; };
		912F963E2A41E7D1009529FD /* Demo-TvGuide.app */ = {isa = PBXFileReference; explicitFileType = wrapper.application; includeInIndex = 0; path = "Demo-TvGuide.app"; sourceTree = BUILT_PRODUCTS_DIR; };
		912F96412A41E7D1009529FD /* AppDelegate.swift */ = {isa = PBXFileReference; lastKnownFileType = sourcecode.swift; path = AppDelegate.swift; sourceTree = "<group>"; };
		912F96432A41E7D1009529FD /* SceneDelegate.swift */ = {isa = PBXFileReference; lastKnownFileType = sourcecode.swift; path = SceneDelegate.swift; sourceTree = "<group>"; };
		912F96452A41E7D1009529FD /* ViewController.swift */ = {isa = PBXFileReference; lastKnownFileType = sourcecode.swift; path = ViewController.swift; sourceTree = "<group>"; };
		912F96482A41E7D1009529FD /* Base */ = {isa = PBXFileReference; lastKnownFileType = file.storyboard; name = Base; path = Base.lproj/Main.storyboard; sourceTree = "<group>"; };
		912F964A2A41E7D2009529FD /* Assets.xcassets */ = {isa = PBXFileReference; lastKnownFileType = folder.assetcatalog; path = Assets.xcassets; sourceTree = "<group>"; };
		912F964D2A41E7D2009529FD /* Base */ = {isa = PBXFileReference; lastKnownFileType = file.storyboard; name = Base; path = Base.lproj/LaunchScreen.storyboard; sourceTree = "<group>"; };
		912F964F2A41E7D2009529FD /* Info.plist */ = {isa = PBXFileReference; lastKnownFileType = text.plist.xml; path = Info.plist; sourceTree = "<group>"; };
		912F966C2A45CA34009529FD /* TvGuideContainer.swift */ = {isa = PBXFileReference; fileEncoding = 4; lastKnownFileType = sourcecode.swift; path = TvGuideContainer.swift; sourceTree = "<group>"; };
		912F966E2A45CA34009529FD /* TvGuideContainerPresenter.swift */ = {isa = PBXFileReference; fileEncoding = 4; lastKnownFileType = sourcecode.swift; path = TvGuideContainerPresenter.swift; sourceTree = "<group>"; };
		912F96702A45CA34009529FD /* TvGuideContainerProtocols.swift */ = {isa = PBXFileReference; fileEncoding = 4; lastKnownFileType = sourcecode.swift; path = TvGuideContainerProtocols.swift; sourceTree = "<group>"; };
		912F96722A45CA34009529FD /* TvGuideContainerRouter.swift */ = {isa = PBXFileReference; fileEncoding = 4; lastKnownFileType = sourcecode.swift; path = TvGuideContainerRouter.swift; sourceTree = "<group>"; };
		912F96782A45CA34009529FD /* TvGuideContainerViewController.swift */ = {isa = PBXFileReference; fileEncoding = 4; lastKnownFileType = sourcecode.swift; path = TvGuideContainerViewController.swift; sourceTree = "<group>"; };
		912F96792A45CA34009529FD /* TvGuideContainerViewController.xib */ = {isa = PBXFileReference; fileEncoding = 4; lastKnownFileType = file.xib; path = TvGuideContainerViewController.xib; sourceTree = "<group>"; };
		9241B397EBEB9F7DA00EC5A6 /* Pods_Demo_TvGuide.framework */ = {isa = PBXFileReference; explicitFileType = wrapper.framework; includeInIndex = 0; path = Pods_Demo_TvGuide.framework; sourceTree = BUILT_PRODUCTS_DIR; };
		DEC8FA76A78B922712D8900B /* Pods-Demo-TvGuide.release.xcconfig */ = {isa = PBXFileReference; includeInIndex = 1; lastKnownFileType = text.xcconfig; name = "Pods-Demo-TvGuide.release.xcconfig"; path = "Target Support Files/Pods-Demo-TvGuide/Pods-Demo-TvGuide.release.xcconfig"; sourceTree = "<group>"; };
/* End PBXFileReference section */

/* Begin PBXFrameworksBuildPhase section */
		912F963B2A41E7D1009529FD /* Frameworks */ = {
			isa = PBXFrameworksBuildPhase;
			buildActionMask = 2147483647;
			files = (
				23DF24B763980D8A7E0E7E9D /* Pods_Demo_TvGuide.framework in Frameworks */,
			);
			runOnlyForDeploymentPostprocessing = 0;
		};
/* End PBXFrameworksBuildPhase section */

/* Begin PBXGroup section */
		910DAF142A482C6B0061A933 /* Channels */ = {
			isa = PBXGroup;
			children = (
				910DAF1B2A482C6B0061A933 /* View */,
				910DAF242A482C6B0061A933 /* Interactor */,
				910DAF192A482C6B0061A933 /* Presenter */,
				910DAF172A482C6B0061A933 /* Entity */,
				910DAF152A482C6B0061A933 /* Route */,
				910DAF222A482C6B0061A933 /* Protocols */,
			);
			path = Channels;
			sourceTree = "<group>";
		};
		910DAF152A482C6B0061A933 /* Route */ = {
			isa = PBXGroup;
			children = (
				910DAF162A482C6B0061A933 /* ChannelListRouter.swift */,
			);
			path = Route;
			sourceTree = "<group>";
		};
		910DAF172A482C6B0061A933 /* Entity */ = {
			isa = PBXGroup;
			children = (
				910DAF182A482C6B0061A933 /* ChannelDisplayModel.swift */,
			);
			path = Entity;
			sourceTree = "<group>";
		};
		910DAF192A482C6B0061A933 /* Presenter */ = {
			isa = PBXGroup;
			children = (
				910DAF1A2A482C6B0061A933 /* ChannelListPresenter.swift */,
			);
			path = Presenter;
			sourceTree = "<group>";
		};
		910DAF1B2A482C6B0061A933 /* View */ = {
			isa = PBXGroup;
			children = (
				910DAF1C2A482C6B0061A933 /* Cells */,
				910DAF1F2A482C6B0061A933 /* ViewControllers */,
			);
			path = View;
			sourceTree = "<group>";
		};
		910DAF1C2A482C6B0061A933 /* Cells */ = {
			isa = PBXGroup;
			children = (
				910DAF1D2A482C6B0061A933 /* ChannelsTableViewCell.xib */,
				910DAF1E2A482C6B0061A933 /* ChannelsTableViewCell.swift */,
			);
			path = Cells;
			sourceTree = "<group>";
		};
		910DAF1F2A482C6B0061A933 /* ViewControllers */ = {
			isa = PBXGroup;
			children = (
				910DAF202A482C6B0061A933 /* ChannelsViewController.xib */,
				910DAF212A482C6B0061A933 /* ChannelsViewController.swift */,
			);
			path = ViewControllers;
			sourceTree = "<group>";
		};
		910DAF222A482C6B0061A933 /* Protocols */ = {
			isa = PBXGroup;
			children = (
				910DAF232A482C6B0061A933 /* ChannelListProtocols.swift */,
			);
			path = Protocols;
			sourceTree = "<group>";
		};
		910DAF242A482C6B0061A933 /* Interactor */ = {
			isa = PBXGroup;
			children = (
				910DAF252A482C6B0061A933 /* ChannelListInteractor.swift */,
			);
			path = Interactor;
			sourceTree = "<group>";
		};
		912F96352A41E7D0009529FD = {
			isa = PBXGroup;
			children = (
				912F96402A41E7D1009529FD /* Demo-TvGuide */,
				912F963F2A41E7D1009529FD /* Products */,
				E38CA69565E2CAD360003F3D /* Pods */,
				B269D46F155177ED6114A024 /* Frameworks */,
			);
			sourceTree = "<group>";
		};
		912F963F2A41E7D1009529FD /* Products */ = {
			isa = PBXGroup;
			children = (
				912F963E2A41E7D1009529FD /* Demo-TvGuide.app */,
			);
			name = Products;
			sourceTree = "<group>";
		};
		912F96402A41E7D1009529FD /* Demo-TvGuide */ = {
			isa = PBXGroup;
			children = (
				912F96662A443C78009529FD /* SupportingFiles */,
				912F96582A44385E009529FD /* Modules */,
				912F96672A443CBB009529FD /* Services */,
				912F96452A41E7D1009529FD /* ViewController.swift */,
				912F96472A41E7D1009529FD /* Main.storyboard */,
				912F964A2A41E7D2009529FD /* Assets.xcassets */,
				912F964C2A41E7D2009529FD /* LaunchScreen.storyboard */,
				912F964F2A41E7D2009529FD /* Info.plist */,
			);
			path = "Demo-TvGuide";
			sourceTree = "<group>";
		};
		912F96582A44385E009529FD /* Modules */ = {
			isa = PBXGroup;
			children = (
				912F96592A443867009529FD /* TvGuideContainer */,
				910DAF142A482C6B0061A933 /* Channels */,
			);
			path = Modules;
			sourceTree = "<group>";
		};
		912F96592A443867009529FD /* TvGuideContainer */ = {
			isa = PBXGroup;
			children = (
				912F96732A45CA34009529FD /* View */,
				912F966B2A45CA34009529FD /* Interactor */,
				912F966D2A45CA34009529FD /* Presenter */,
				912F96682A45CA34009529FD /* Entity */,
				912F96712A45CA34009529FD /* Route */,
				912F966F2A45CA34009529FD /* Protocols */,
			);
			path = TvGuideContainer;
			sourceTree = "<group>";
		};
		912F96662A443C78009529FD /* SupportingFiles */ = {
			isa = PBXGroup;
			children = (
				912F96412A41E7D1009529FD /* AppDelegate.swift */,
				912F96432A41E7D1009529FD /* SceneDelegate.swift */,
			);
			path = SupportingFiles;
			sourceTree = "<group>";
		};
		912F96672A443CBB009529FD /* Services */ = {
			isa = PBXGroup;
			children = (
			);
			path = Services;
			sourceTree = "<group>";
		};
		912F96682A45CA34009529FD /* Entity */ = {
			isa = PBXGroup;
			children = (
				910DAF112A48282B0061A933 /* OffsetModel.swift */,
			);
			path = Entity;
			sourceTree = "<group>";
		};
		912F966B2A45CA34009529FD /* Interactor */ = {
			isa = PBXGroup;
			children = (
				912F966C2A45CA34009529FD /* TvGuideContainer.swift */,
			);
			path = Interactor;
			sourceTree = "<group>";
		};
		912F966D2A45CA34009529FD /* Presenter */ = {
			isa = PBXGroup;
			children = (
				912F966E2A45CA34009529FD /* TvGuideContainerPresenter.swift */,
			);
			path = Presenter;
			sourceTree = "<group>";
		};
		912F966F2A45CA34009529FD /* Protocols */ = {
			isa = PBXGroup;
			children = (
				912F96702A45CA34009529FD /* TvGuideContainerProtocols.swift */,
			);
			path = Protocols;
			sourceTree = "<group>";
		};
		912F96712A45CA34009529FD /* Route */ = {
			isa = PBXGroup;
			children = (
				912F96722A45CA34009529FD /* TvGuideContainerRouter.swift */,
			);
			path = Route;
			sourceTree = "<group>";
		};
		912F96732A45CA34009529FD /* View */ = {
			isa = PBXGroup;
			children = (
				912F96772A45CA34009529FD /* ViewControllers */,
			);
			path = View;
			sourceTree = "<group>";
		};
		912F96772A45CA34009529FD /* ViewControllers */ = {
			isa = PBXGroup;
			children = (
				912F96782A45CA34009529FD /* TvGuideContainerViewController.swift */,
				912F96792A45CA34009529FD /* TvGuideContainerViewController.xib */,
			);
			path = ViewControllers;
			sourceTree = "<group>";
		};
		B269D46F155177ED6114A024 /* Frameworks */ = {
			isa = PBXGroup;
			children = (
				9241B397EBEB9F7DA00EC5A6 /* Pods_Demo_TvGuide.framework */,
			);
			name = Frameworks;
			sourceTree = "<group>";
		};
		E38CA69565E2CAD360003F3D /* Pods */ = {
			isa = PBXGroup;
			children = (
				29F1687D8230A13FB32CB890 /* Pods-Demo-TvGuide.debug.xcconfig */,
				DEC8FA76A78B922712D8900B /* Pods-Demo-TvGuide.release.xcconfig */,
			);
			path = Pods;
			sourceTree = "<group>";
		};
/* End PBXGroup section */

/* Begin PBXNativeTarget section */
		912F963D2A41E7D1009529FD /* Demo-TvGuide */ = {
			isa = PBXNativeTarget;
			buildConfigurationList = 912F96522A41E7D2009529FD /* Build configuration list for PBXNativeTarget "Demo-TvGuide" */;
			buildPhases = (
				09646544105793232C4D5C14 /* [CP] Check Pods Manifest.lock */,
				912F963A2A41E7D1009529FD /* Sources */,
				912F963B2A41E7D1009529FD /* Frameworks */,
				912F963C2A41E7D1009529FD /* Resources */,
				D4FD118EB33294061ECEEF50 /* [CP] Embed Pods Frameworks */,
			);
			buildRules = (
			);
			dependencies = (
			);
			name = "Demo-TvGuide";
			productName = "Demo-TvGuide";
			productReference = 912F963E2A41E7D1009529FD /* Demo-TvGuide.app */;
			productType = "com.apple.product-type.application";
		};
/* End PBXNativeTarget section */

/* Begin PBXProject section */
		912F96362A41E7D0009529FD /* Project object */ = {
			isa = PBXProject;
			attributes = {
				BuildIndependentTargetsInParallel = 1;
				LastSwiftUpdateCheck = 1420;
				LastUpgradeCheck = 1420;
				TargetAttributes = {
					912F963D2A41E7D1009529FD = {
						CreatedOnToolsVersion = 14.2;
					};
				};
			};
			buildConfigurationList = 912F96392A41E7D0009529FD /* Build configuration list for PBXProject "Demo-TvGuide" */;
			compatibilityVersion = "Xcode 14.0";
			developmentRegion = en;
			hasScannedForEncodings = 0;
			knownRegions = (
				en,
				Base,
			);
			mainGroup = 912F96352A41E7D0009529FD;
			productRefGroup = 912F963F2A41E7D1009529FD /* Products */;
			projectDirPath = "";
			projectRoot = "";
			targets = (
				912F963D2A41E7D1009529FD /* Demo-TvGuide */,
			);
		};
/* End PBXProject section */

/* Begin PBXResourcesBuildPhase section */
		912F963C2A41E7D1009529FD /* Resources */ = {
			isa = PBXResourcesBuildPhase;
			buildActionMask = 2147483647;
			files = (
				912F964E2A41E7D2009529FD /* LaunchScreen.storyboard in Resources */,
				910DAF292A482C6B0061A933 /* ChannelsTableViewCell.xib in Resources */,
				910DAF2B2A482C6B0061A933 /* ChannelsViewController.xib in Resources */,
				912F964B2A41E7D2009529FD /* Assets.xcassets in Resources */,
				912F96492A41E7D1009529FD /* Main.storyboard in Resources */,
			);
			runOnlyForDeploymentPostprocessing = 0;
		};
/* End PBXResourcesBuildPhase section */

/* Begin PBXShellScriptBuildPhase section */
		09646544105793232C4D5C14 /* [CP] Check Pods Manifest.lock */ = {
			isa = PBXShellScriptBuildPhase;
			buildActionMask = 2147483647;
			files = (
			);
			inputFileListPaths = (
			);
			inputPaths = (
				"${PODS_PODFILE_DIR_PATH}/Podfile.lock",
				"${PODS_ROOT}/Manifest.lock",
			);
			name = "[CP] Check Pods Manifest.lock";
			outputFileListPaths = (
			);
			outputPaths = (
				"$(DERIVED_FILE_DIR)/Pods-Demo-TvGuide-checkManifestLockResult.txt",
			);
			runOnlyForDeploymentPostprocessing = 0;
			shellPath = /bin/sh;
			shellScript = "diff \"${PODS_PODFILE_DIR_PATH}/Podfile.lock\" \"${PODS_ROOT}/Manifest.lock\" > /dev/null\nif [ $? != 0 ] ; then\n    # print error to STDERR\n    echo \"error: The sandbox is not in sync with the Podfile.lock. Run 'pod install' or update your CocoaPods installation.\" >&2\n    exit 1\nfi\n# This output is used by Xcode 'outputs' to avoid re-running this script phase.\necho \"SUCCESS\" > \"${SCRIPT_OUTPUT_FILE_0}\"\n";
			showEnvVarsInLog = 0;
		};
		D4FD118EB33294061ECEEF50 /* [CP] Embed Pods Frameworks */ = {
			isa = PBXShellScriptBuildPhase;
			buildActionMask = 2147483647;
			files = (
			);
			inputFileListPaths = (
				"${PODS_ROOT}/Target Support Files/Pods-Demo-TvGuide/Pods-Demo-TvGuide-frameworks-${CONFIGURATION}-input-files.xcfilelist",
			);
			name = "[CP] Embed Pods Frameworks";
			outputFileListPaths = (
				"${PODS_ROOT}/Target Support Files/Pods-Demo-TvGuide/Pods-Demo-TvGuide-frameworks-${CONFIGURATION}-output-files.xcfilelist",
			);
			runOnlyForDeploymentPostprocessing = 0;
			shellPath = /bin/sh;
			shellScript = "\"${PODS_ROOT}/Target Support Files/Pods-Demo-TvGuide/Pods-Demo-TvGuide-frameworks.sh\"\n";
			showEnvVarsInLog = 0;
		};
/* End PBXShellScriptBuildPhase section */

/* Begin PBXSourcesBuildPhase section */
		912F963A2A41E7D1009529FD /* Sources */ = {
			isa = PBXSourcesBuildPhase;
			buildActionMask = 2147483647;
			files = (
				910DAF122A48282B0061A933 /* OffsetModel.swift in Sources */,
				910DAF2D2A482C6B0061A933 /* ChannelListProtocols.swift in Sources */,
				910DAF2A2A482C6B0061A933 /* ChannelsTableViewCell.swift in Sources */,
				912F96462A41E7D1009529FD /* ViewController.swift in Sources */,
				912F96422A41E7D1009529FD /* AppDelegate.swift in Sources */,
				912F96442A41E7D1009529FD /* SceneDelegate.swift in Sources */,
				910DAF272A482C6B0061A933 /* ChannelDisplayModel.swift in Sources */,
				910DAF2E2A482C6B0061A933 /* ChannelListInteractor.swift in Sources */,
				910DAF2C2A482C6B0061A933 /* ChannelsViewController.swift in Sources */,
				910DAF282A482C6B0061A933 /* ChannelListPresenter.swift in Sources */,
				910DAF262A482C6B0061A933 /* ChannelListRouter.swift in Sources */,
			);
			runOnlyForDeploymentPostprocessing = 0;
		};
/* End PBXSourcesBuildPhase section */

/* Begin PBXVariantGroup section */
		912F96472A41E7D1009529FD /* Main.storyboard */ = {
			isa = PBXVariantGroup;
			children = (
				912F96482A41E7D1009529FD /* Base */,
			);
			name = Main.storyboard;
			sourceTree = "<group>";
		};
		912F964C2A41E7D2009529FD /* LaunchScreen.storyboard */ = {
			isa = PBXVariantGroup;
			children = (
				912F964D2A41E7D2009529FD /* Base */,
			);
			name = LaunchScreen.storyboard;
			sourceTree = "<group>";
		};
/* End PBXVariantGroup section */

/* Begin XCBuildConfiguration section */
		912F96502A41E7D2009529FD /* Debug */ = {
			isa = XCBuildConfiguration;
			buildSettings = {
				ALWAYS_SEARCH_USER_PATHS = NO;
				CLANG_ANALYZER_NONNULL = YES;
				CLANG_ANALYZER_NUMBER_OBJECT_CONVERSION = YES_AGGRESSIVE;
				CLANG_CXX_LANGUAGE_STANDARD = "gnu++20";
				CLANG_ENABLE_MODULES = YES;
				CLANG_ENABLE_OBJC_ARC = YES;
				CLANG_ENABLE_OBJC_WEAK = YES;
				CLANG_WARN_BLOCK_CAPTURE_AUTORELEASING = YES;
				CLANG_WARN_BOOL_CONVERSION = YES;
				CLANG_WARN_COMMA = YES;
				CLANG_WARN_CONSTANT_CONVERSION = YES;
				CLANG_WARN_DEPRECATED_OBJC_IMPLEMENTATIONS = YES;
				CLANG_WARN_DIRECT_OBJC_ISA_USAGE = YES_ERROR;
				CLANG_WARN_DOCUMENTATION_COMMENTS = YES;
				CLANG_WARN_EMPTY_BODY = YES;
				CLANG_WARN_ENUM_CONVERSION = YES;
				CLANG_WARN_INFINITE_RECURSION = YES;
				CLANG_WARN_INT_CONVERSION = YES;
				CLANG_WARN_NON_LITERAL_NULL_CONVERSION = YES;
				CLANG_WARN_OBJC_IMPLICIT_RETAIN_SELF = YES;
				CLANG_WARN_OBJC_LITERAL_CONVERSION = YES;
				CLANG_WARN_OBJC_ROOT_CLASS = YES_ERROR;
				CLANG_WARN_QUOTED_INCLUDE_IN_FRAMEWORK_HEADER = YES;
				CLANG_WARN_RANGE_LOOP_ANALYSIS = YES;
				CLANG_WARN_STRICT_PROTOTYPES = YES;
				CLANG_WARN_SUSPICIOUS_MOVE = YES;
				CLANG_WARN_UNGUARDED_AVAILABILITY = YES_AGGRESSIVE;
				CLANG_WARN_UNREACHABLE_CODE = YES;
				CLANG_WARN__DUPLICATE_METHOD_MATCH = YES;
				COPY_PHASE_STRIP = NO;
				DEBUG_INFORMATION_FORMAT = dwarf;
				ENABLE_STRICT_OBJC_MSGSEND = YES;
				ENABLE_TESTABILITY = YES;
				GCC_C_LANGUAGE_STANDARD = gnu11;
				GCC_DYNAMIC_NO_PIC = NO;
				GCC_NO_COMMON_BLOCKS = YES;
				GCC_OPTIMIZATION_LEVEL = 0;
				GCC_PREPROCESSOR_DEFINITIONS = (
					"DEBUG=1",
					"$(inherited)",
				);
				GCC_WARN_64_TO_32_BIT_CONVERSION = YES;
				GCC_WARN_ABOUT_RETURN_TYPE = YES_ERROR;
				GCC_WARN_UNDECLARED_SELECTOR = YES;
				GCC_WARN_UNINITIALIZED_AUTOS = YES_AGGRESSIVE;
				GCC_WARN_UNUSED_FUNCTION = YES;
				GCC_WARN_UNUSED_VARIABLE = YES;
				IPHONEOS_DEPLOYMENT_TARGET = 16.2;
				MTL_ENABLE_DEBUG_INFO = INCLUDE_SOURCE;
				MTL_FAST_MATH = YES;
				ONLY_ACTIVE_ARCH = YES;
				SDKROOT = iphoneos;
				SWIFT_ACTIVE_COMPILATION_CONDITIONS = DEBUG;
				SWIFT_OPTIMIZATION_LEVEL = "-Onone";
			};
			name = Debug;
		};
		912F96512A41E7D2009529FD /* Release */ = {
			isa = XCBuildConfiguration;
			buildSettings = {
				ALWAYS_SEARCH_USER_PATHS = NO;
				CLANG_ANALYZER_NONNULL = YES;
				CLANG_ANALYZER_NUMBER_OBJECT_CONVERSION = YES_AGGRESSIVE;
				CLANG_CXX_LANGUAGE_STANDARD = "gnu++20";
				CLANG_ENABLE_MODULES = YES;
				CLANG_ENABLE_OBJC_ARC = YES;
				CLANG_ENABLE_OBJC_WEAK = YES;
				CLANG_WARN_BLOCK_CAPTURE_AUTORELEASING = YES;
				CLANG_WARN_BOOL_CONVERSION = YES;
				CLANG_WARN_COMMA = YES;
				CLANG_WARN_CONSTANT_CONVERSION = YES;
				CLANG_WARN_DEPRECATED_OBJC_IMPLEMENTATIONS = YES;
				CLANG_WARN_DIRECT_OBJC_ISA_USAGE = YES_ERROR;
				CLANG_WARN_DOCUMENTATION_COMMENTS = YES;
				CLANG_WARN_EMPTY_BODY = YES;
				CLANG_WARN_ENUM_CONVERSION = YES;
				CLANG_WARN_INFINITE_RECURSION = YES;
				CLANG_WARN_INT_CONVERSION = YES;
				CLANG_WARN_NON_LITERAL_NULL_CONVERSION = YES;
				CLANG_WARN_OBJC_IMPLICIT_RETAIN_SELF = YES;
				CLANG_WARN_OBJC_LITERAL_CONVERSION = YES;
				CLANG_WARN_OBJC_ROOT_CLASS = YES_ERROR;
				CLANG_WARN_QUOTED_INCLUDE_IN_FRAMEWORK_HEADER = YES;
				CLANG_WARN_RANGE_LOOP_ANALYSIS = YES;
				CLANG_WARN_STRICT_PROTOTYPES = YES;
				CLANG_WARN_SUSPICIOUS_MOVE = YES;
				CLANG_WARN_UNGUARDED_AVAILABILITY = YES_AGGRESSIVE;
				CLANG_WARN_UNREACHABLE_CODE = YES;
				CLANG_WARN__DUPLICATE_METHOD_MATCH = YES;
				COPY_PHASE_STRIP = NO;
				DEBUG_INFORMATION_FORMAT = "dwarf-with-dsym";
				ENABLE_NS_ASSERTIONS = NO;
				ENABLE_STRICT_OBJC_MSGSEND = YES;
				GCC_C_LANGUAGE_STANDARD = gnu11;
				GCC_NO_COMMON_BLOCKS = YES;
				GCC_WARN_64_TO_32_BIT_CONVERSION = YES;
				GCC_WARN_ABOUT_RETURN_TYPE = YES_ERROR;
				GCC_WARN_UNDECLARED_SELECTOR = YES;
				GCC_WARN_UNINITIALIZED_AUTOS = YES_AGGRESSIVE;
				GCC_WARN_UNUSED_FUNCTION = YES;
				GCC_WARN_UNUSED_VARIABLE = YES;
				IPHONEOS_DEPLOYMENT_TARGET = 16.2;
				MTL_ENABLE_DEBUG_INFO = NO;
				MTL_FAST_MATH = YES;
				SDKROOT = iphoneos;
				SWIFT_COMPILATION_MODE = wholemodule;
				SWIFT_OPTIMIZATION_LEVEL = "-O";
				VALIDATE_PRODUCT = YES;
			};
			name = Release;
		};
		912F96532A41E7D2009529FD /* Debug */ = {
			isa = XCBuildConfiguration;
			baseConfigurationReference = 29F1687D8230A13FB32CB890 /* Pods-Demo-TvGuide.debug.xcconfig */;
			buildSettings = {
				ASSETCATALOG_COMPILER_APPICON_NAME = AppIcon;
				ASSETCATALOG_COMPILER_GLOBAL_ACCENT_COLOR_NAME = AccentColor;
				CODE_SIGN_STYLE = Automatic;
				CURRENT_PROJECT_VERSION = 1;
				DEVELOPMENT_TEAM = SN623CU8P7;
				GENERATE_INFOPLIST_FILE = YES;
				INFOPLIST_FILE = "Demo-TvGuide/Info.plist";
				INFOPLIST_KEY_UIApplicationSupportsIndirectInputEvents = YES;
				INFOPLIST_KEY_UILaunchStoryboardName = LaunchScreen;
				INFOPLIST_KEY_UIMainStoryboardFile = Main;
				INFOPLIST_KEY_UISupportedInterfaceOrientations = "UIInterfaceOrientationLandscapeLeft UIInterfaceOrientationLandscapeRight";
				INFOPLIST_KEY_UISupportedInterfaceOrientations_iPad = "UIInterfaceOrientationLandscapeLeft UIInterfaceOrientationLandscapeRight UIInterfaceOrientationPortrait UIInterfaceOrientationPortraitUpsideDown";
				LD_RUNPATH_SEARCH_PATHS = (
					"$(inherited)",
					"@executable_path/Frameworks",
				);
				MARKETING_VERSION = 1.0;
				PRODUCT_BUNDLE_IDENTIFIER = "app.bucktracker.Demo-TvGuide";
				PRODUCT_NAME = "$(TARGET_NAME)";
				SWIFT_EMIT_LOC_STRINGS = YES;
				SWIFT_VERSION = 5.0;
				TARGETED_DEVICE_FAMILY = "1,2";
			};
			name = Debug;
		};
		912F96542A41E7D2009529FD /* Release */ = {
			isa = XCBuildConfiguration;
			baseConfigurationReference = DEC8FA76A78B922712D8900B /* Pods-Demo-TvGuide.release.xcconfig */;
			buildSettings = {
				ASSETCATALOG_COMPILER_APPICON_NAME = AppIcon;
				ASSETCATALOG_COMPILER_GLOBAL_ACCENT_COLOR_NAME = AccentColor;
				CODE_SIGN_STYLE = Automatic;
				CURRENT_PROJECT_VERSION = 1;
				DEVELOPMENT_TEAM = SN623CU8P7;
				GENERATE_INFOPLIST_FILE = YES;
				INFOPLIST_FILE = "Demo-TvGuide/Info.plist";
				INFOPLIST_KEY_UIApplicationSupportsIndirectInputEvents = YES;
				INFOPLIST_KEY_UILaunchStoryboardName = LaunchScreen;
				INFOPLIST_KEY_UIMainStoryboardFile = Main;
				INFOPLIST_KEY_UISupportedInterfaceOrientations = "UIInterfaceOrientationLandscapeLeft UIInterfaceOrientationLandscapeRight";
				INFOPLIST_KEY_UISupportedInterfaceOrientations_iPad = "UIInterfaceOrientationLandscapeLeft UIInterfaceOrientationLandscapeRight UIInterfaceOrientationPortrait UIInterfaceOrientationPortraitUpsideDown";
				LD_RUNPATH_SEARCH_PATHS = (
					"$(inherited)",
					"@executable_path/Frameworks",
				);
				MARKETING_VERSION = 1.0;
				PRODUCT_BUNDLE_IDENTIFIER = "app.bucktracker.Demo-TvGuide";
				PRODUCT_NAME = "$(TARGET_NAME)";
				SWIFT_EMIT_LOC_STRINGS = YES;
				SWIFT_VERSION = 5.0;
				TARGETED_DEVICE_FAMILY = "1,2";
			};
			name = Release;
		};
/* End XCBuildConfiguration section */

/* Begin XCConfigurationList section */
		912F96392A41E7D0009529FD /* Build configuration list for PBXProject "Demo-TvGuide" */ = {
			isa = XCConfigurationList;
			buildConfigurations = (
				912F96502A41E7D2009529FD /* Debug */,
				912F96512A41E7D2009529FD /* Release */,
			);
			defaultConfigurationIsVisible = 0;
			defaultConfigurationName = Release;
		};
		912F96522A41E7D2009529FD /* Build configuration list for PBXNativeTarget "Demo-TvGuide" */ = {
			isa = XCConfigurationList;
			buildConfigurations = (
				912F96532A41E7D2009529FD /* Debug */,
				912F96542A41E7D2009529FD /* Release */,
			);
			defaultConfigurationIsVisible = 0;
			defaultConfigurationName = Release;
		};
/* End XCConfigurationList section */
	};
	rootObject = 912F96362A41E7D0009529FD /* Project object */;
}
